
Microsoft Visual Studio Solution File, Format Version 12.00
# Visual Studio Version 16
VisualStudioVersion = 16.0.30330.147
MinimumVisualStudioVersion = 10.0.40219.1
Project("{FAE04EC0-301F-11D3-BF4B-00C04F79EFBC}") = "virtic_dotnet_ core", "virtic_dotnet_ core.csproj", "{F2D7AEE3-278A-4E0A-BE8F-A9A74F3D78A2}"
EndProject
Global
	GlobalSection(SolutionConfigurationPlatforms) = preSolution
		Debug|Any CPU = Debug|Any CPU
		Release|Any CPU = Release|Any CPU
	EndGlobalSection
	GlobalSection(ProjectConfigurationPlatforms) = postSolution
		{F2D7AEE3-278A-4E0A-BE8F-A9A74F3D78A2}.Debug|Any CPU.ActiveCfg = Debug|Any CPU
		{F2D7AEE3-278A-4E0A-BE8F-A9A74F3D78A2}.Debug|Any CPU.Build.0 = Debug|Any CPU
		{F2D7AEE3-278A-4E0A-BE8F-A9A74F3D78A2}.Release|Any CPU.ActiveCfg = Release|Any CPU
		{F2D7AEE3-278A-4E0A-BE8F-A9A74F3D78A2}.Release|Any CPU.Build.0 = Release|Any CPU
	EndGlobalSection
	GlobalSection(SolutionProperties) = preSolution
		HideSolutionNode = FALSE
	EndGlobalSection
	GlobalSection(ExtensibilityGlobals) = postSolution
		SolutionGuid = {1C78DBC2-4BBC-4D70-BE9C-B2EA2B9A7166}
	EndGlobalSection
EndGlobal
